
Microsoft Visual Studio Solution File, Format Version 12.00
# Visual Studio Version 17
VisualStudioVersion = 17.9.34622.214
MinimumVisualStudioVersion = 10.0.40219.1
Project("{FAE04EC0-301F-11D3-BF4B-00C04F79EFBC}") = "iCantina", "iCantina\iCantina.csproj", "{1B96BD12-8D19-4822-AEE3-F3BBC7E2B1B9}"
EndProject
Global
	GlobalSection(SolutionConfigurationPlatforms) = preSolution
		Debug|Any CPU = Debug|Any CPU
		Release|Any CPU = Release|Any CPU
	EndGlobalSection
	GlobalSection(ProjectConfigurationPlatforms) = postSolution
		{1B96BD12-8D19-4822-AEE3-F3BBC7E2B1B9}.Debug|Any CPU.ActiveCfg = Debug|Any CPU
		{1B96BD12-8D19-4822-AEE3-F3BBC7E2B1B9}.Debug|Any CPU.Build.0 = Debug|Any CPU
		{1B96BD12-8D19-4822-AEE3-F3BBC7E2B1B9}.Release|Any CPU.ActiveCfg = Release|Any CPU
		{1B96BD12-8D19-4822-AEE3-F3BBC7E2B1B9}.Release|Any CPU.Build.0 = Release|Any CPU
	EndGlobalSection
	GlobalSection(SolutionProperties) = preSolution
		HideSolutionNode = FALSE
	EndGlobalSection
	GlobalSection(ExtensibilityGlobals) = postSolution
		SolutionGuid = {FCA71661-44F2-4D75-BADA-1E67BFBA6C49}
	EndGlobalSection
EndGlobal
